
Microsoft Visual Studio Solution File, Format Version 12.00
# Visual Studio Version 17
VisualStudioVersion = 17.4.33122.133
MinimumVisualStudioVersion = 10.0.40219.1
Project("{FAE04EC0-301F-11D3-BF4B-00C04F79EFBC}") = "MVC Countries TA", "MVC Countries TA\MVC Countries TA.csproj", "{669FCA7F-7F42-45A7-9FC4-4FC91860A5B2}"
EndProject
Global
	GlobalSection(SolutionConfigurationPlatforms) = preSolution
		Debug|Any CPU = Debug|Any CPU
		Release|Any CPU = Release|Any CPU
	EndGlobalSection
	GlobalSection(ProjectConfigurationPlatforms) = postSolution
		{669FCA7F-7F42-45A7-9FC4-4FC91860A5B2}.Debug|Any CPU.ActiveCfg = Debug|Any CPU
		{669FCA7F-7F42-45A7-9FC4-4FC91860A5B2}.Debug|Any CPU.Build.0 = Debug|Any CPU
		{669FCA7F-7F42-45A7-9FC4-4FC91860A5B2}.Release|Any CPU.ActiveCfg = Release|Any CPU
		{669FCA7F-7F42-45A7-9FC4-4FC91860A5B2}.Release|Any CPU.Build.0 = Release|Any CPU
	EndGlobalSection
	GlobalSection(SolutionProperties) = preSolution
		HideSolutionNode = FALSE
	EndGlobalSection
	GlobalSection(ExtensibilityGlobals) = postSolution
		SolutionGuid = {867943CE-AFEC-4F44-852F-1908D1A2E881}
	EndGlobalSection
EndGlobal
